<?xml version="1.0" encoding="utf-8"?>
<Project ToolsVersion="4.0" xmlns="http://schemas.microsoft.com/developer/msbuild/2003">
  <ItemGroup>
    <Filter Include="Source Files">
      <UniqueIdentifier>{4FC737F1-C7A5-4376-A066-2A32D752A2FF}</UniqueIdentifier>
      <Extensions>cpp;c;cc;cxx;c++;cppm;ixx;def;odl;idl;hpj;bat;asm;asmx</Extensions>
    </Filter>
    <Filter Include="Header Files">
      <UniqueIdentifier>{93995380-89BD-4b04-88EB-625FBE52EBFB}</UniqueIdentifier>
      <Extensions>h;hh;hpp;hxx;h++;hm;inl;inc;ipp;xsd</Extensions>
    </Filter>
    <Filter Include="Resource Files">
      <UniqueIdentifier>{67DA6AB6-F800-4c08-8B7A-83BB121AAD01}</UniqueIdentifier>
      <Extensions>rc;ico;cur;bmp;dlg;rc2;rct;bin;rgs;gif;jpg;jpeg;jpe;resx;tiff;tif;png;wav;mfcribbon-ms</Extensions>
    </Filter>
  </ItemGroup>
  <ItemGroup>
    <ClCompile Include="src\Body.cpp">
      <Filter>Source Files</Filter>
    </ClCompile>
    <ClCompile Include="src\Force.cpp">
      <Filter>Source Files</Filter>
    </ClCompile>
    <ClCompile Include="src\main.cpp">
      <Filter>Source Files</Filter>
    </ClCompile>
    <ClCompile Include="src\Matrix.cpp">
      <Filter>Source Files</Filter>
    </ClCompile>
    <ClCompile Include="src\Sim.cpp">
      <Filter>Source Files</Filter>
    </ClCompile>
    <ClCompile Include="src\Solver.cpp">
      <Filter>Source Files</Filter>
    </ClCompile>
    <ClCompile Include="src\Clock.cpp">
      <Filter>Source Files</Filter>
    </ClCompile>
    <ClCompile Include="src\Utils.cpp">
      <Filter>Source Files</Filter>
    </ClCompile>
    <ClCompile Include="src\Vect2d.cpp">
      <Filter>Source Files</Filter>
    </ClCompile>
    <ClCompile Include="src\Joint.cpp">
      <Filter>Source Files</Filter>
    </ClCompile>
    <ClCompile Include="src\sim\Body.cpp">
      <Filter>Source Files</Filter>
    </ClCompile>
    <ClCompile Include="src\sim\Clock.cpp">
      <Filter>Source Files</Filter>
    </ClCompile>
    <ClCompile Include="src\sim\Force.cpp">
      <Filter>Source Files</Filter>
    </ClCompile>
    <ClCompile Include="src\sim\Joint.cpp">
      <Filter>Source Files</Filter>
    </ClCompile>
    <ClCompile Include="src\sim\main.cpp">
      <Filter>Source Files</Filter>
    </ClCompile>
    <ClCompile Include="src\sim\Matrix.cpp">
      <Filter>Source Files</Filter>
    </ClCompile>
    <ClCompile Include="src\sim\Sim.cpp">
      <Filter>Source Files</Filter>
    </ClCompile>
    <ClCompile Include="src\sim\Solver.cpp">
      <Filter>Source Files</Filter>
    </ClCompile>
    <ClCompile Include="src\sim\Utils.cpp">
      <Filter>Source Files</Filter>
    </ClCompile>
    <ClCompile Include="src\sim\Vect2d.cpp">
      <Filter>Source Files</Filter>
    </ClCompile>
  </ItemGroup>
  <ItemGroup>
    <ClInclude Include="src\Body.h">
      <Filter>Header Files</Filter>
    </ClInclude>
    <ClInclude Include="src\Force.h">
      <Filter>Header Files</Filter>
    </ClInclude>
    <ClInclude Include="src\log.h">
      <Filter>Header Files</Filter>
    </ClInclude>
    <ClInclude Include="src\Matrix.h">
      <Filter>Header Files</Filter>
    </ClInclude>
    <ClInclude Include="src\Sim.h">
      <Filter>Header Files</Filter>
    </ClInclude>
    <ClInclude Include="src\Solver.h">
      <Filter>Header Files</Filter>
    </ClInclude>
    <ClInclude Include="src\Structs.h">
      <Filter>Header Files</Filter>
    </ClInclude>
    <ClInclude Include="src\Clock.h">
      <Filter>Header Files</Filter>
    </ClInclude>
    <ClInclude Include="src\Utils.h">
      <Filter>Header Files</Filter>
    </ClInclude>
    <ClInclude Include="src\Vect2d.h">
      <Filter>Header Files</Filter>
    </ClInclude>
    <ClInclude Include="models\demo.h">
      <Filter>Header Files</Filter>
    </ClInclude>
    <ClInclude Include="src\PMS.h">
      <Filter>Header Files</Filter>
    </ClInclude>
    <ClInclude Include="src\Joint.h">
      <Filter>Header Files</Filter>
    </ClInclude>
    <ClInclude Include="src\constants.h">
      <Filter>Header Files</Filter>
    </ClInclude>
    <ClInclude Include="src\sim\Body.h">
      <Filter>Header Files</Filter>
    </ClInclude>
    <ClInclude Include="src\sim\Clock.h">
      <Filter>Header Files</Filter>
    </ClInclude>
    <ClInclude Include="src\sim\constants.h">
      <Filter>Header Files</Filter>
    </ClInclude>
    <ClInclude Include="src\sim\Force.h">
      <Filter>Header Files</Filter>
    </ClInclude>
    <ClInclude Include="src\sim\Joint.h">
      <Filter>Header Files</Filter>
    </ClInclude>
    <ClInclude Include="src\sim\log.h">
      <Filter>Header Files</Filter>
    </ClInclude>
    <ClInclude Include="src\sim\Matrix.h">
      <Filter>Header Files</Filter>
    </ClInclude>
    <ClInclude Include="src\PMS.h">
      <Filter>Header Files</Filter>
    </ClInclude>
    <ClInclude Include="src\sim\Sim.h">
      <Filter>Header Files</Filter>
    </ClInclude>
    <ClInclude Include="src\sim\Solver.h">
      <Filter>Header Files</Filter>
    </ClInclude>
    <ClInclude Include="src\sim\Point.h">
      <Filter>Header Files</Filter>
    </ClInclude>
    <ClInclude Include="src\sim\Utils.h">
      <Filter>Header Files</Filter>
    </ClInclude>
    <ClInclude Include="src\sim\Vect2d.h">
      <Filter>Header Files</Filter>
    </ClInclude>
  </ItemGroup>
</Project>